// !$*UTF8*$!
{
	archiveVersion = 1;
	classes = {
	};
	objectVersion = 46;
	objects = {

/* Begin PBXBuildFile section */
		01A81BE71AA0769300F5D659 /* main.m in Sources */ = {isa = PBXBuildFile; fileRef = 01A81BE61AA0769300F5D659 /* main.m */; };
		01A81BEA1AA0769300F5D659 /* AppDelegate.m in Sources */ = {isa = PBXBuildFile; fileRef = 01A81BE91AA0769300F5D659 /* AppDelegate.m */; };
		01A81BED1AA0769300F5D659 /* CleanTVShows.xcdatamodeld in Sources */ = {isa = PBXBuildFile; fileRef = 01A81BEB1AA0769300F5D659 /* CleanTVShows.xcdatamodeld */; };
		01A81BF01AA0769300F5D659 /* ViewController.m in Sources */ = {isa = PBXBuildFile; fileRef = 01A81BEF1AA0769300F5D659 /* ViewController.m */; };
		01A81BF31AA0769300F5D659 /* Main.storyboard in Resources */ = {isa = PBXBuildFile; fileRef = 01A81BF11AA0769300F5D659 /* Main.storyboard */; };
		01A81BF51AA0769300F5D659 /* Images.xcassets in Resources */ = {isa = PBXBuildFile; fileRef = 01A81BF41AA0769300F5D659 /* Images.xcassets */; };
		01A81BF81AA0769300F5D659 /* LaunchScreen.xib in Resources */ = {isa = PBXBuildFile; fileRef = 01A81BF61AA0769300F5D659 /* LaunchScreen.xib */; };
		01A81C041AA0769400F5D659 /* CleanTVShowsTests.m in Sources */ = {isa = PBXBuildFile; fileRef = 01A81C031AA0769400F5D659 /* CleanTVShowsTests.m */; };
		01A81C111AA0805300F5D659 /* LoadTVShowsIteractor.m in Sources */ = {isa = PBXBuildFile; fileRef = 01A81C101AA0805300F5D659 /* LoadTVShowsIteractor.m */; };
		01A81C141AA0806300F5D659 /* LoadMoviesIteractor.m in Sources */ = {isa = PBXBuildFile; fileRef = 01A81C131AA0806300F5D659 /* LoadMoviesIteractor.m */; };
		01A81C171AA080B000F5D659 /* LoadTVShowDetailInteractor.m in Sources */ = {isa = PBXBuildFile; fileRef = 01A81C161AA080B000F5D659 /* LoadTVShowDetailInteractor.m */; };
		01A81C1A1AA080C800F5D659 /* LoadMovieDetailInteractor.m in Sources */ = {isa = PBXBuildFile; fileRef = 01A81C191AA080C800F5D659 /* LoadMovieDetailInteractor.m */; };
		01A81C1D1AA0839500F5D659 /* BaseProvider.m in Sources */ = {isa = PBXBuildFile; fileRef = 01A81C1C1AA0839500F5D659 /* BaseProvider.m */; };
		01A81C201AA083A900F5D659 /* TVShowsProvider.m in Sources */ = {isa = PBXBuildFile; fileRef = 01A81C1F1AA083A900F5D659 /* TVShowsProvider.m */; };
		01A81C251AA085C100F5D659 /* RequestManagerFactory.m in Sources */ = {isa = PBXBuildFile; fileRef = 01A81C241AA085C100F5D659 /* RequestManagerFactory.m */; };
		01A81C281AA0A25200F5D659 /* AFNRequestManager.m in Sources */ = {isa = PBXBuildFile; fileRef = 01A81C271AA0A25200F5D659 /* AFNRequestManager.m */; };
		01A81C2B1AA0A77300F5D659 /* MoviesProvider.m in Sources */ = {isa = PBXBuildFile; fileRef = 01A81C2A1AA0A77300F5D659 /* MoviesProvider.m */; };
		01A81C2E1AA0AD2A00F5D659 /* CoreDataStack.m in Sources */ = {isa = PBXBuildFile; fileRef = 01A81C2D1AA0AD2A00F5D659 /* CoreDataStack.m */; };
		01A81C311AA0AF3D00F5D659 /* MovieEntity.m in Sources */ = {isa = PBXBuildFile; fileRef = 01A81C301AA0AF3D00F5D659 /* MovieEntity.m */; };
		01A81C361AA0AF9F00F5D659 /* MovieEntity+PDKTModelBuilderEntity.m in Sources */ = {isa = PBXBuildFile; fileRef = 01A81C351AA0AF9F00F5D659 /* MovieEntity+PDKTModelBuilderEntity.m */; };
		7DF57270AF2390DF2F2244BA /* libPods.a in Frameworks */ = {isa = PBXBuildFile; fileRef = 3D95D4F733FC23B143F38C45 /* libPods.a */; };
/* End PBXBuildFile section */

/* Begin PBXContainerItemProxy section */
		01A81BFE1AA0769400F5D659 /* PBXContainerItemProxy */ = {
			isa = PBXContainerItemProxy;
			containerPortal = 01A81BD91AA0769300F5D659 /* Project object */;
			proxyType = 1;
			remoteGlobalIDString = 01A81BE01AA0769300F5D659;
			remoteInfo = CleanTVShows;
		};
/* End PBXContainerItemProxy section */

/* Begin PBXFileReference section */
		01A81BE11AA0769300F5D659 /* CleanTVShows.app */ = {isa = PBXFileReference; explicitFileType = wrapper.application; includeInIndex = 0; path = CleanTVShows.app; sourceTree = BUILT_PRODUCTS_DIR; };
		01A81BE51AA0769300F5D659 /* Info.plist */ = {isa = PBXFileReference; lastKnownFileType = text.plist.xml; path = Info.plist; sourceTree = "<group>"; };
		01A81BE61AA0769300F5D659 /* main.m */ = {isa = PBXFileReference; lastKnownFileType = sourcecode.c.objc; path = main.m; sourceTree = "<group>"; };
		01A81BE81AA0769300F5D659 /* AppDelegate.h */ = {isa = PBXFileReference; lastKnownFileType = sourcecode.c.h; path = AppDelegate.h; sourceTree = "<group>"; };
		01A81BE91AA0769300F5D659 /* AppDelegate.m */ = {isa = PBXFileReference; lastKnownFileType = sourcecode.c.objc; path = AppDelegate.m; sourceTree = "<group>"; };
		01A81BEC1AA0769300F5D659 /* CleanTVShows.xcdatamodel */ = {isa = PBXFileReference; lastKnownFileType = wrapper.xcdatamodel; path = CleanTVShows.xcdatamodel; sourceTree = "<group>"; };
		01A81BEE1AA0769300F5D659 /* ViewController.h */ = {isa = PBXFileReference; lastKnownFileType = sourcecode.c.h; path = ViewController.h; sourceTree = "<group>"; };
		01A81BEF1AA0769300F5D659 /* ViewController.m */ = {isa = PBXFileReference; lastKnownFileType = sourcecode.c.objc; path = ViewController.m; sourceTree = "<group>"; };
		01A81BF21AA0769300F5D659 /* Base */ = {isa = PBXFileReference; lastKnownFileType = file.storyboard; name = Base; path = Base.lproj/Main.storyboard; sourceTree = "<group>"; };
		01A81BF41AA0769300F5D659 /* Images.xcassets */ = {isa = PBXFileReference; lastKnownFileType = folder.assetcatalog; path = Images.xcassets; sourceTree = "<group>"; };
		01A81BF71AA0769300F5D659 /* Base */ = {isa = PBXFileReference; lastKnownFileType = file.xib; name = Base; path = Base.lproj/LaunchScreen.xib; sourceTree = "<group>"; };
		01A81BFD1AA0769400F5D659 /* CleanTVShowsTests.xctest */ = {isa = PBXFileReference; explicitFileType = wrapper.cfbundle; includeInIndex = 0; path = CleanTVShowsTests.xctest; sourceTree = BUILT_PRODUCTS_DIR; };
		01A81C021AA0769400F5D659 /* Info.plist */ = {isa = PBXFileReference; lastKnownFileType = text.plist.xml; path = Info.plist; sourceTree = "<group>"; };
		01A81C031AA0769400F5D659 /* CleanTVShowsTests.m */ = {isa = PBXFileReference; lastKnownFileType = sourcecode.c.objc; path = CleanTVShowsTests.m; sourceTree = "<group>"; };
		01A81C0F1AA0805300F5D659 /* LoadTVShowsIteractor.h */ = {isa = PBXFileReference; fileEncoding = 4; lastKnownFileType = sourcecode.c.h; name = LoadTVShowsIteractor.h; path = Interactors/LoadTVShowsIteractor.h; sourceTree = "<group>"; };
		01A81C101AA0805300F5D659 /* LoadTVShowsIteractor.m */ = {isa = PBXFileReference; fileEncoding = 4; lastKnownFileType = sourcecode.c.objc; name = LoadTVShowsIteractor.m; path = Interactors/LoadTVShowsIteractor.m; sourceTree = "<group>"; };
		01A81C121AA0806300F5D659 /* LoadMoviesIteractor.h */ = {isa = PBXFileReference; fileEncoding = 4; lastKnownFileType = sourcecode.c.h; path = LoadMoviesIteractor.h; sourceTree = "<group>"; };
		01A81C131AA0806300F5D659 /* LoadMoviesIteractor.m */ = {isa = PBXFileReference; fileEncoding = 4; lastKnownFileType = sourcecode.c.objc; path = LoadMoviesIteractor.m; sourceTree = "<group>"; };
		01A81C151AA080B000F5D659 /* LoadTVShowDetailInteractor.h */ = {isa = PBXFileReference; fileEncoding = 4; lastKnownFileType = sourcecode.c.h; name = LoadTVShowDetailInteractor.h; path = Interactors/LoadTVShowDetailInteractor.h; sourceTree = "<group>"; };
		01A81C161AA080B000F5D659 /* LoadTVShowDetailInteractor.m */ = {isa = PBXFileReference; fileEncoding = 4; lastKnownFileType = sourcecode.c.objc; name = LoadTVShowDetailInteractor.m; path = Interactors/LoadTVShowDetailInteractor.m; sourceTree = "<group>"; };
		01A81C181AA080C800F5D659 /* LoadMovieDetailInteractor.h */ = {isa = PBXFileReference; fileEncoding = 4; lastKnownFileType = sourcecode.c.h; name = LoadMovieDetailInteractor.h; path = Interactors/LoadMovieDetailInteractor.h; sourceTree = "<group>"; };
		01A81C191AA080C800F5D659 /* LoadMovieDetailInteractor.m */ = {isa = PBXFileReference; fileEncoding = 4; lastKnownFileType = sourcecode.c.objc; name = LoadMovieDetailInteractor.m; path = Interactors/LoadMovieDetailInteractor.m; sourceTree = "<group>"; };
		01A81C1B1AA0839500F5D659 /* BaseProvider.h */ = {isa = PBXFileReference; fileEncoding = 4; lastKnownFileType = sourcecode.c.h; name = BaseProvider.h; path = Providers/BaseProvider.h; sourceTree = "<group>"; };
		01A81C1C1AA0839500F5D659 /* BaseProvider.m */ = {isa = PBXFileReference; fileEncoding = 4; lastKnownFileType = sourcecode.c.objc; name = BaseProvider.m; path = Providers/BaseProvider.m; sourceTree = "<group>"; };
		01A81C1E1AA083A900F5D659 /* TVShowsProvider.h */ = {isa = PBXFileReference; fileEncoding = 4; lastKnownFileType = sourcecode.c.h; name = TVShowsProvider.h; path = Providers/TVShowsProvider.h; sourceTree = "<group>"; };
		01A81C1F1AA083A900F5D659 /* TVShowsProvider.m */ = {isa = PBXFileReference; fileEncoding = 4; lastKnownFileType = sourcecode.c.objc; name = TVShowsProvider.m; path = Providers/TVShowsProvider.m; sourceTree = "<group>"; };
		01A81C221AA0853400F5D659 /* RequestManager.h */ = {isa = PBXFileReference; fileEncoding = 4; lastKnownFileType = sourcecode.c.h; path = RequestManager.h; sourceTree = "<group>"; };
		01A81C231AA085C100F5D659 /* RequestManagerFactory.h */ = {isa = PBXFileReference; fileEncoding = 4; lastKnownFileType = sourcecode.c.h; path = RequestManagerFactory.h; sourceTree = "<group>"; };
		01A81C241AA085C100F5D659 /* RequestManagerFactory.m */ = {isa = PBXFileReference; fileEncoding = 4; lastKnownFileType = sourcecode.c.objc; path = RequestManagerFactory.m; sourceTree = "<group>"; };
		01A81C261AA0A25200F5D659 /* AFNRequestManager.h */ = {isa = PBXFileReference; fileEncoding = 4; lastKnownFileType = sourcecode.c.h; path = AFNRequestManager.h; sourceTree = "<group>"; };
		01A81C271AA0A25200F5D659 /* AFNRequestManager.m */ = {isa = PBXFileReference; fileEncoding = 4; lastKnownFileType = sourcecode.c.objc; path = AFNRequestManager.m; sourceTree = "<group>"; };
		01A81C291AA0A77300F5D659 /* MoviesProvider.h */ = {isa = PBXFileReference; fileEncoding = 4; lastKnownFileType = sourcecode.c.h; name = MoviesProvider.h; path = Providers/MoviesProvider.h; sourceTree = "<group>"; };
		01A81C2A1AA0A77300F5D659 /* MoviesProvider.m */ = {isa = PBXFileReference; fileEncoding = 4; lastKnownFileType = sourcecode.c.objc; name = MoviesProvider.m; path = Providers/MoviesProvider.m; sourceTree = "<group>"; };
		01A81C2C1AA0AD2A00F5D659 /* CoreDataStack.h */ = {isa = PBXFileReference; fileEncoding = 4; lastKnownFileType = sourcecode.c.h; path = CoreDataStack.h; sourceTree = "<group>"; };
		01A81C2D1AA0AD2A00F5D659 /* CoreDataStack.m */ = {isa = PBXFileReference; fileEncoding = 4; lastKnownFileType = sourcecode.c.objc; path = CoreDataStack.m; sourceTree = "<group>"; };
		01A81C2F1AA0AF3D00F5D659 /* MovieEntity.h */ = {isa = PBXFileReference; fileEncoding = 4; lastKnownFileType = sourcecode.c.h; path = MovieEntity.h; sourceTree = "<group>"; };
		01A81C301AA0AF3D00F5D659 /* MovieEntity.m */ = {isa = PBXFileReference; fileEncoding = 4; lastKnownFileType = sourcecode.c.objc; path = MovieEntity.m; sourceTree = "<group>"; };
		01A81C341AA0AF9F00F5D659 /* MovieEntity+PDKTModelBuilderEntity.h */ = {isa = PBXFileReference; fileEncoding = 4; lastKnownFileType = sourcecode.c.h; path = "MovieEntity+PDKTModelBuilderEntity.h"; sourceTree = "<group>"; };
		01A81C351AA0AF9F00F5D659 /* MovieEntity+PDKTModelBuilderEntity.m */ = {isa = PBXFileReference; fileEncoding = 4; lastKnownFileType = sourcecode.c.objc; path = "MovieEntity+PDKTModelBuilderEntity.m"; sourceTree = "<group>"; };
		3D95D4F733FC23B143F38C45 /* libPods.a */ = {isa = PBXFileReference; explicitFileType = archive.ar; includeInIndex = 0; path = libPods.a; sourceTree = BUILT_PRODUCTS_DIR; };
		79396570238494EA8C8FE253 /* Pods.release.xcconfig */ = {isa = PBXFileReference; includeInIndex = 1; lastKnownFileType = text.xcconfig; name = Pods.release.xcconfig; path = "Pods/Target Support Files/Pods/Pods.release.xcconfig"; sourceTree = "<group>"; };
		FB34ADCD29BBE38811BAE607 /* Pods.debug.xcconfig */ = {isa = PBXFileReference; includeInIndex = 1; lastKnownFileType = text.xcconfig; name = Pods.debug.xcconfig; path = "Pods/Target Support Files/Pods/Pods.debug.xcconfig"; sourceTree = "<group>"; };
/* End PBXFileReference section */

/* Begin PBXFrameworksBuildPhase section */
		01A81BDE1AA0769300F5D659 /* Frameworks */ = {
			isa = PBXFrameworksBuildPhase;
			buildActionMask = 2147483647;
			files = (
				7DF57270AF2390DF2F2244BA /* libPods.a in Frameworks */,
			);
			runOnlyForDeploymentPostprocessing = 0;
		};
		01A81BFA1AA0769400F5D659 /* Frameworks */ = {
			isa = PBXFrameworksBuildPhase;
			buildActionMask = 2147483647;
			files = (
			);
			runOnlyForDeploymentPostprocessing = 0;
		};
/* End PBXFrameworksBuildPhase section */

/* Begin PBXGroup section */
		0095F8793F696161AB41BC61 /* Frameworks */ = {
			isa = PBXGroup;
			children = (
				3D95D4F733FC23B143F38C45 /* libPods.a */,
			);
			name = Frameworks;
			sourceTree = "<group>";
		};
		01A81BD81AA0769300F5D659 = {
			isa = PBXGroup;
			children = (
				01A81BE31AA0769300F5D659 /* CleanTVShows */,
				01A81C001AA0769400F5D659 /* CleanTVShowsTests */,
				01A81BE21AA0769300F5D659 /* Products */,
				BACEC0EE4FD52F965E87EDDA /* Pods */,
				0095F8793F696161AB41BC61 /* Frameworks */,
			);
			sourceTree = "<group>";
		};
		01A81BE21AA0769300F5D659 /* Products */ = {
			isa = PBXGroup;
			children = (
				01A81BE11AA0769300F5D659 /* CleanTVShows.app */,
				01A81BFD1AA0769400F5D659 /* CleanTVShowsTests.xctest */,
			);
			name = Products;
			sourceTree = "<group>";
		};
		01A81BE31AA0769300F5D659 /* CleanTVShows */ = {
			isa = PBXGroup;
			children = (
				01A81C211AA0851D00F5D659 /* Networking */,
				01A81C0E1AA078C300F5D659 /* Providers */,
				01A81C0D1AA078BA00F5D659 /* Interactors */,
				01A81BE81AA0769300F5D659 /* AppDelegate.h */,
				01A81BE91AA0769300F5D659 /* AppDelegate.m */,
				01A81BEE1AA0769300F5D659 /* ViewController.h */,
				01A81BEF1AA0769300F5D659 /* ViewController.m */,
				01A81BF11AA0769300F5D659 /* Main.storyboard */,
				01A81BF41AA0769300F5D659 /* Images.xcassets */,
				01A81BF61AA0769300F5D659 /* LaunchScreen.xib */,
				01A81BEB1AA0769300F5D659 /* CleanTVShows.xcdatamodeld */,
				01A81C321AA0AF4300F5D659 /* Entities */,
				01A81BE41AA0769300F5D659 /* Supporting Files */,
				01A81C2C1AA0AD2A00F5D659 /* CoreDataStack.h */,
				01A81C2D1AA0AD2A00F5D659 /* CoreDataStack.m */,
			);
			path = CleanTVShows;
			sourceTree = "<group>";
		};
		01A81BE41AA0769300F5D659 /* Supporting Files */ = {
			isa = PBXGroup;
			children = (
				01A81BE51AA0769300F5D659 /* Info.plist */,
				01A81BE61AA0769300F5D659 /* main.m */,
			);
			name = "Supporting Files";
			sourceTree = "<group>";
		};
		01A81C001AA0769400F5D659 /* CleanTVShowsTests */ = {
			isa = PBXGroup;
			children = (
				01A81C031AA0769400F5D659 /* CleanTVShowsTests.m */,
				01A81C011AA0769400F5D659 /* Supporting Files */,
			);
			path = CleanTVShowsTests;
			sourceTree = "<group>";
		};
		01A81C011AA0769400F5D659 /* Supporting Files */ = {
			isa = PBXGroup;
			children = (
				01A81C021AA0769400F5D659 /* Info.plist */,
			);
			name = "Supporting Files";
			sourceTree = "<group>";
		};
		01A81C0D1AA078BA00F5D659 /* Interactors */ = {
			isa = PBXGroup;
			children = (
				01A81C0F1AA0805300F5D659 /* LoadTVShowsIteractor.h */,
				01A81C101AA0805300F5D659 /* LoadTVShowsIteractor.m */,
				01A81C121AA0806300F5D659 /* LoadMoviesIteractor.h */,
				01A81C131AA0806300F5D659 /* LoadMoviesIteractor.m */,
				01A81C151AA080B000F5D659 /* LoadTVShowDetailInteractor.h */,
				01A81C161AA080B000F5D659 /* LoadTVShowDetailInteractor.m */,
				01A81C181AA080C800F5D659 /* LoadMovieDetailInteractor.h */,
				01A81C191AA080C800F5D659 /* LoadMovieDetailInteractor.m */,
			);
			name = Interactors;
			sourceTree = "<group>";
		};
		01A81C0E1AA078C300F5D659 /* Providers */ = {
			isa = PBXGroup;
			children = (
				01A81C1B1AA0839500F5D659 /* BaseProvider.h */,
				01A81C1C1AA0839500F5D659 /* BaseProvider.m */,
				01A81C1E1AA083A900F5D659 /* TVShowsProvider.h */,
				01A81C1F1AA083A900F5D659 /* TVShowsProvider.m */,
				01A81C291AA0A77300F5D659 /* MoviesProvider.h */,
				01A81C2A1AA0A77300F5D659 /* MoviesProvider.m */,
			);
			name = Providers;
			sourceTree = "<group>";
		};
		01A81C211AA0851D00F5D659 /* Networking */ = {
			isa = PBXGroup;
			children = (
				01A81C221AA0853400F5D659 /* RequestManager.h */,
				01A81C231AA085C100F5D659 /* RequestManagerFactory.h */,
				01A81C241AA085C100F5D659 /* RequestManagerFactory.m */,
				01A81C261AA0A25200F5D659 /* AFNRequestManager.h */,
				01A81C271AA0A25200F5D659 /* AFNRequestManager.m */,
			);
			name = Networking;
			sourceTree = "<group>";
		};
		01A81C321AA0AF4300F5D659 /* Entities */ = {
			isa = PBXGroup;
			children = (
				01A81C331AA0AF5100F5D659 /* EntityCategories */,
				01A81C2F1AA0AF3D00F5D659 /* MovieEntity.h */,
				01A81C301AA0AF3D00F5D659 /* MovieEntity.m */,
			);
			name = Entities;
			sourceTree = "<group>";
		};
		01A81C331AA0AF5100F5D659 /* EntityCategories */ = {
			isa = PBXGroup;
			children = (
				01A81C341AA0AF9F00F5D659 /* MovieEntity+PDKTModelBuilderEntity.h */,
				01A81C351AA0AF9F00F5D659 /* MovieEntity+PDKTModelBuilderEntity.m */,
			);
			name = EntityCategories;
			sourceTree = "<group>";
		};
		BACEC0EE4FD52F965E87EDDA /* Pods */ = {
			isa = PBXGroup;
			children = (
				FB34ADCD29BBE38811BAE607 /* Pods.debug.xcconfig */,
				79396570238494EA8C8FE253 /* Pods.release.xcconfig */,
			);
			name = Pods;
			sourceTree = "<group>";
		};
/* End PBXGroup section */

/* Begin PBXNativeTarget section */
		01A81BE01AA0769300F5D659 /* CleanTVShows */ = {
			isa = PBXNativeTarget;
			buildConfigurationList = 01A81C071AA0769400F5D659 /* Build configuration list for PBXNativeTarget "CleanTVShows" */;
			buildPhases = (
				A751FCD4DEC489221ADB5375 /* Check Pods Manifest.lock */,
				01A81BDD1AA0769300F5D659 /* Sources */,
				01A81BDE1AA0769300F5D659 /* Frameworks */,
				01A81BDF1AA0769300F5D659 /* Resources */,
				A98DFD29A684652DA312335F /* Copy Pods Resources */,
			);
			buildRules = (
			);
			dependencies = (
			);
			name = CleanTVShows;
			productName = CleanTVShows;
			productReference = 01A81BE11AA0769300F5D659 /* CleanTVShows.app */;
			productType = "com.apple.product-type.application";
		};
		01A81BFC1AA0769400F5D659 /* CleanTVShowsTests */ = {
			isa = PBXNativeTarget;
			buildConfigurationList = 01A81C0A1AA0769400F5D659 /* Build configuration list for PBXNativeTarget "CleanTVShowsTests" */;
			buildPhases = (
				01A81BF91AA0769400F5D659 /* Sources */,
				01A81BFA1AA0769400F5D659 /* Frameworks */,
				01A81BFB1AA0769400F5D659 /* Resources */,
			);
			buildRules = (
			);
			dependencies = (
				01A81BFF1AA0769400F5D659 /* PBXTargetDependency */,
			);
			name = CleanTVShowsTests;
			productName = CleanTVShowsTests;
			productReference = 01A81BFD1AA0769400F5D659 /* CleanTVShowsTests.xctest */;
			productType = "com.apple.product-type.bundle.unit-test";
		};
/* End PBXNativeTarget section */

/* Begin PBXProject section */
		01A81BD91AA0769300F5D659 /* Project object */ = {
			isa = PBXProject;
			attributes = {
				LastUpgradeCheck = 0610;
				ORGANIZATIONNAME = IronHack;
				TargetAttributes = {
					01A81BE01AA0769300F5D659 = {
						CreatedOnToolsVersion = 6.1.1;
					};
					01A81BFC1AA0769400F5D659 = {
						CreatedOnToolsVersion = 6.1.1;
						TestTargetID = 01A81BE01AA0769300F5D659;
					};
				};
			};
			buildConfigurationList = 01A81BDC1AA0769300F5D659 /* Build configuration list for PBXProject "CleanTVShows" */;
			compatibilityVersion = "Xcode 3.2";
			developmentRegion = English;
			hasScannedForEncodings = 0;
			knownRegions = (
				en,
				Base,
			);
			mainGroup = 01A81BD81AA0769300F5D659;
			productRefGroup = 01A81BE21AA0769300F5D659 /* Products */;
			projectDirPath = "";
			projectRoot = "";
			targets = (
				01A81BE01AA0769300F5D659 /* CleanTVShows */,
				01A81BFC1AA0769400F5D659 /* CleanTVShowsTests */,
			);
		};
/* End PBXProject section */

/* Begin PBXResourcesBuildPhase section */
		01A81BDF1AA0769300F5D659 /* Resources */ = {
			isa = PBXResourcesBuildPhase;
			buildActionMask = 2147483647;
			files = (
				01A81BF31AA0769300F5D659 /* Main.storyboard in Resources */,
				01A81BF81AA0769300F5D659 /* LaunchScreen.xib in Resources */,
				01A81BF51AA0769300F5D659 /* Images.xcassets in Resources */,
			);
			runOnlyForDeploymentPostprocessing = 0;
		};
		01A81BFB1AA0769400F5D659 /* Resources */ = {
			isa = PBXResourcesBuildPhase;
			buildActionMask = 2147483647;
			files = (
			);
			runOnlyForDeploymentPostprocessing = 0;
		};
/* End PBXResourcesBuildPhase section */

/* Begin PBXShellScriptBuildPhase section */
		A751FCD4DEC489221ADB5375 /* Check Pods Manifest.lock */ = {
			isa = PBXShellScriptBuildPhase;
			buildActionMask = 2147483647;
			files = (
			);
			inputPaths = (
			);
			name = "Check Pods Manifest.lock";
			outputPaths = (
			);
			runOnlyForDeploymentPostprocessing = 0;
			shellPath = /bin/sh;
			shellScript = "diff \"${PODS_ROOT}/../Podfile.lock\" \"${PODS_ROOT}/Manifest.lock\" > /dev/null\nif [[ $? != 0 ]] ; then\n    cat << EOM\nerror: The sandbox is not in sync with the Podfile.lock. Run 'pod install' or update your CocoaPods installation.\nEOM\n    exit 1\nfi\n";
			showEnvVarsInLog = 0;
		};
		A98DFD29A684652DA312335F /* Copy Pods Resources */ = {
			isa = PBXShellScriptBuildPhase;
			buildActionMask = 2147483647;
			files = (
			);
			inputPaths = (
			);
			name = "Copy Pods Resources";
			outputPaths = (
			);
			runOnlyForDeploymentPostprocessing = 0;
			shellPath = /bin/sh;
			shellScript = "\"${SRCROOT}/Pods/Target Support Files/Pods/Pods-resources.sh\"\n";
			showEnvVarsInLog = 0;
		};
/* End PBXShellScriptBuildPhase section */

/* Begin PBXSourcesBuildPhase section */
		01A81BDD1AA0769300F5D659 /* Sources */ = {
			isa = PBXSourcesBuildPhase;
			buildActionMask = 2147483647;
			files = (
				01A81C141AA0806300F5D659 /* LoadMoviesIteractor.m in Sources */,
				01A81C201AA083A900F5D659 /* TVShowsProvider.m in Sources */,
				01A81C251AA085C100F5D659 /* RequestManagerFactory.m in Sources */,
				01A81C2B1AA0A77300F5D659 /* MoviesProvider.m in Sources */,
				01A81BEA1AA0769300F5D659 /* AppDelegate.m in Sources */,
				01A81C311AA0AF3D00F5D659 /* MovieEntity.m in Sources */,
				01A81BE71AA0769300F5D659 /* main.m in Sources */,
				01A81C171AA080B000F5D659 /* LoadTVShowDetailInteractor.m in Sources */,
				01A81C1A1AA080C800F5D659 /* LoadMovieDetailInteractor.m in Sources */,
				01A81C1D1AA0839500F5D659 /* BaseProvider.m in Sources */,
				01A81C2E1AA0AD2A00F5D659 /* CoreDataStack.m in Sources */,
				01A81C111AA0805300F5D659 /* LoadTVShowsIteractor.m in Sources */,
				01A81BF01AA0769300F5D659 /* ViewController.m in Sources */,
				01A81BED1AA0769300F5D659 /* CleanTVShows.xcdatamodeld in Sources */,
				01A81C281AA0A25200F5D659 /* AFNRequestManager.m in Sources */,
				01A81C361AA0AF9F00F5D659 /* MovieEntity+PDKTModelBuilderEntity.m in Sources */,
			);
			runOnlyForDeploymentPostprocessing = 0;
		};
		01A81BF91AA0769400F5D659 /* Sources */ = {
			isa = PBXSourcesBuildPhase;
			buildActionMask = 2147483647;
			files = (
				01A81C041AA0769400F5D659 /* CleanTVShowsTests.m in Sources */,
			);
			runOnlyForDeploymentPostprocessing = 0;
		};
/* End PBXSourcesBuildPhase section */

/* Begin PBXTargetDependency section */
		01A81BFF1AA0769400F5D659 /* PBXTargetDependency */ = {
			isa = PBXTargetDependency;
			target = 01A81BE01AA0769300F5D659 /* CleanTVShows */;
			targetProxy = 01A81BFE1AA0769400F5D659 /* PBXContainerItemProxy */;
		};
/* End PBXTargetDependency section */

/* Begin PBXVariantGroup section */
		01A81BF11AA0769300F5D659 /* Main.storyboard */ = {
			isa = PBXVariantGroup;
			children = (
				01A81BF21AA0769300F5D659 /* Base */,
			);
			name = Main.storyboard;
			sourceTree = "<group>";
		};
		01A81BF61AA0769300F5D659 /* LaunchScreen.xib */ = {
			isa = PBXVariantGroup;
			children = (
				01A81BF71AA0769300F5D659 /* Base */,
			);
			name = LaunchScreen.xib;
			sourceTree = "<group>";
		};
/* End PBXVariantGroup section */

/* Begin XCBuildConfiguration section */
		01A81C051AA0769400F5D659 /* Debug */ = {
			isa = XCBuildConfiguration;
			buildSettings = {
				ALWAYS_SEARCH_USER_PATHS = NO;
				CLANG_CXX_LANGUAGE_STANDARD = "gnu++0x";
				CLANG_CXX_LIBRARY = "libc++";
				CLANG_ENABLE_MODULES = YES;
				CLANG_ENABLE_OBJC_ARC = YES;
				CLANG_WARN_BOOL_CONVERSION = YES;
				CLANG_WARN_CONSTANT_CONVERSION = YES;
				CLANG_WARN_DIRECT_OBJC_ISA_USAGE = YES_ERROR;
				CLANG_WARN_EMPTY_BODY = YES;
				CLANG_WARN_ENUM_CONVERSION = YES;
				CLANG_WARN_INT_CONVERSION = YES;
				CLANG_WARN_OBJC_ROOT_CLASS = YES_ERROR;
				CLANG_WARN_UNREACHABLE_CODE = YES;
				CLANG_WARN__DUPLICATE_METHOD_MATCH = YES;
				"CODE_SIGN_IDENTITY[sdk=iphoneos*]" = "iPhone Developer";
				COPY_PHASE_STRIP = NO;
				ENABLE_STRICT_OBJC_MSGSEND = YES;
				GCC_C_LANGUAGE_STANDARD = gnu99;
				GCC_DYNAMIC_NO_PIC = NO;
				GCC_OPTIMIZATION_LEVEL = 0;
				GCC_PREPROCESSOR_DEFINITIONS = (
					"DEBUG=1",
					"$(inherited)",
				);
				GCC_SYMBOLS_PRIVATE_EXTERN = NO;
				GCC_WARN_64_TO_32_BIT_CONVERSION = YES;
				GCC_WARN_ABOUT_RETURN_TYPE = YES_ERROR;
				GCC_WARN_UNDECLARED_SELECTOR = YES;
				GCC_WARN_UNINITIALIZED_AUTOS = YES_AGGRESSIVE;
				GCC_WARN_UNUSED_FUNCTION = YES;
				GCC_WARN_UNUSED_VARIABLE = YES;
				IPHONEOS_DEPLOYMENT_TARGET = 8.1;
				MTL_ENABLE_DEBUG_INFO = YES;
				ONLY_ACTIVE_ARCH = YES;
				SDKROOT = iphoneos;
			};
			name = Debug;
		};
		01A81C061AA0769400F5D659 /* Release */ = {
			isa = XCBuildConfiguration;
			buildSettings = {
				ALWAYS_SEARCH_USER_PATHS = NO;
				CLANG_CXX_LANGUAGE_STANDARD = "gnu++0x";
				CLANG_CXX_LIBRARY = "libc++";
				CLANG_ENABLE_MODULES = YES;
				CLANG_ENABLE_OBJC_ARC = YES;
				CLANG_WARN_BOOL_CONVERSION = YES;
				CLANG_WARN_CONSTANT_CONVERSION = YES;
				CLANG_WARN_DIRECT_OBJC_ISA_USAGE = YES_ERROR;
				CLANG_WARN_EMPTY_BODY = YES;
				CLANG_WARN_ENUM_CONVERSION = YES;
				CLANG_WARN_INT_CONVERSION = YES;
				CLANG_WARN_OBJC_ROOT_CLASS = YES_ERROR;
				CLANG_WARN_UNREACHABLE_CODE = YES;
				CLANG_WARN__DUPLICATE_METHOD_MATCH = YES;
				"CODE_SIGN_IDENTITY[sdk=iphoneos*]" = "iPhone Developer";
				COPY_PHASE_STRIP = YES;
				ENABLE_NS_ASSERTIONS = NO;
				ENABLE_STRICT_OBJC_MSGSEND = YES;
				GCC_C_LANGUAGE_STANDARD = gnu99;
				GCC_WARN_64_TO_32_BIT_CONVERSION = YES;
				GCC_WARN_ABOUT_RETURN_TYPE = YES_ERROR;
				GCC_WARN_UNDECLARED_SELECTOR = YES;
				GCC_WARN_UNINITIALIZED_AUTOS = YES_AGGRESSIVE;
				GCC_WARN_UNUSED_FUNCTION = YES;
				GCC_WARN_UNUSED_VARIABLE = YES;
				IPHONEOS_DEPLOYMENT_TARGET = 8.1;
				MTL_ENABLE_DEBUG_INFO = NO;
				SDKROOT = iphoneos;
				VALIDATE_PRODUCT = YES;
			};
			name = Release;
		};
		01A81C081AA0769400F5D659 /* Debug */ = {
			isa = XCBuildConfiguration;
			baseConfigurationReference = FB34ADCD29BBE38811BAE607 /* Pods.debug.xcconfig */;
			buildSettings = {
				ASSETCATALOG_COMPILER_APPICON_NAME = AppIcon;
				INFOPLIST_FILE = CleanTVShows/Info.plist;
				LD_RUNPATH_SEARCH_PATHS = "$(inherited) @executable_path/Frameworks";
				PRODUCT_NAME = "$(TARGET_NAME)";
			};
			name = Debug;
		};
		01A81C091AA0769400F5D659 /* Release */ = {
			isa = XCBuildConfiguration;
			baseConfigurationReference = 79396570238494EA8C8FE253 /* Pods.release.xcconfig */;
			buildSettings = {
				ASSETCATALOG_COMPILER_APPICON_NAME = AppIcon;
				INFOPLIST_FILE = CleanTVShows/Info.plist;
				LD_RUNPATH_SEARCH_PATHS = "$(inherited) @executable_path/Frameworks";
				PRODUCT_NAME = "$(TARGET_NAME)";
			};
			name = Release;
		};
		01A81C0B1AA0769400F5D659 /* Debug */ = {
			isa = XCBuildConfiguration;
			buildSettings = {
				BUNDLE_LOADER = "$(TEST_HOST)";
				FRAMEWORK_SEARCH_PATHS = (
					"$(SDKROOT)/Developer/Library/Frameworks",
					"$(inherited)",
				);
				GCC_PREPROCESSOR_DEFINITIONS = (
					"DEBUG=1",
					"$(inherited)",
				);
				INFOPLIST_FILE = CleanTVShowsTests/Info.plist;
				LD_RUNPATH_SEARCH_PATHS = "$(inherited) @executable_path/Frameworks @loader_path/Frameworks";
				PRODUCT_NAME = "$(TARGET_NAME)";
				TEST_HOST = "$(BUILT_PRODUCTS_DIR)/CleanTVShows.app/CleanTVShows";
			};
			name = Debug;
		};
		01A81C0C1AA0769400F5D659 /* Release */ = {
			isa = XCBuildConfiguration;
			buildSettings = {
				BUNDLE_LOADER = "$(TEST_HOST)";
				FRAMEWORK_SEARCH_PATHS = (
					"$(SDKROOT)/Developer/Library/Frameworks",
					"$(inherited)",
				);
				INFOPLIST_FILE = CleanTVShowsTests/Info.plist;
				LD_RUNPATH_SEARCH_PATHS = "$(inherited) @executable_path/Frameworks @loader_path/Frameworks";
				PRODUCT_NAME = "$(TARGET_NAME)";
				TEST_HOST = "$(BUILT_PRODUCTS_DIR)/CleanTVShows.app/CleanTVShows";
			};
			name = Release;
		};
/* End XCBuildConfiguration section */

/* Begin XCConfigurationList section */
		01A81BDC1AA0769300F5D659 /* Build configuration list for PBXProject "CleanTVShows" */ = {
			isa = XCConfigurationList;
			buildConfigurations = (
				01A81C051AA0769400F5D659 /* Debug */,
				01A81C061AA0769400F5D659 /* Release */,
			);
			defaultConfigurationIsVisible = 0;
			defaultConfigurationName = Release;
		};
		01A81C071AA0769400F5D659 /* Build configuration list for PBXNativeTarget "CleanTVShows" */ = {
			isa = XCConfigurationList;
			buildConfigurations = (
				01A81C081AA0769400F5D659 /* Debug */,
				01A81C091AA0769400F5D659 /* Release */,
			);
			defaultConfigurationIsVisible = 0;
			defaultConfigurationName = Release;
		};
		01A81C0A1AA0769400F5D659 /* Build configuration list for PBXNativeTarget "CleanTVShowsTests" */ = {
			isa = XCConfigurationList;
			buildConfigurations = (
				01A81C0B1AA0769400F5D659 /* Debug */,
				01A81C0C1AA0769400F5D659 /* Release */,
			);
			defaultConfigurationIsVisible = 0;
			defaultConfigurationName = Release;
		};
/* End XCConfigurationList section */

/* Begin XCVersionGroup section */
		01A81BEB1AA0769300F5D659 /* CleanTVShows.xcdatamodeld */ = {
			isa = XCVersionGroup;
			children = (
				01A81BEC1AA0769300F5D659 /* CleanTVShows.xcdatamodel */,
			);
			currentVersion = 01A81BEC1AA0769300F5D659 /* CleanTVShows.xcdatamodel */;
			path = CleanTVShows.xcdatamodeld;
			sourceTree = "<group>";
			versionGroupType = wrapper.xcdatamodel;
		};
/* End XCVersionGroup section */
	};
	rootObject = 01A81BD91AA0769300F5D659 /* Project object */;
}
